
Microsoft Visual Studio Solution File, Format Version 12.00
# Visual Studio Version 17
VisualStudioVersion = 17.9.34723.18
MinimumVisualStudioVersion = 10.0.40219.1
Project("{FAE04EC0-301F-11D3-BF4B-00C04F79EFBC}") = "lr2_part2", "lr2_part2\lr2_part2.csproj", "{A9CFC951-9565-45F2-946E-DDCBFBFF50A3}"
EndProject
Global
	GlobalSection(SolutionConfigurationPlatforms) = preSolution
		Debug|Any CPU = Debug|Any CPU
		Release|Any CPU = Release|Any CPU
	EndGlobalSection
	GlobalSection(ProjectConfigurationPlatforms) = postSolution
		{A9CFC951-9565-45F2-946E-DDCBFBFF50A3}.Debug|Any CPU.ActiveCfg = Debug|Any CPU
		{A9CFC951-9565-45F2-946E-DDCBFBFF50A3}.Debug|Any CPU.Build.0 = Debug|Any CPU
		{A9CFC951-9565-45F2-946E-DDCBFBFF50A3}.Release|Any CPU.ActiveCfg = Release|Any CPU
		{A9CFC951-9565-45F2-946E-DDCBFBFF50A3}.Release|Any CPU.Build.0 = Release|Any CPU
	EndGlobalSection
	GlobalSection(SolutionProperties) = preSolution
		HideSolutionNode = FALSE
	EndGlobalSection
	GlobalSection(ExtensibilityGlobals) = postSolution
		SolutionGuid = {7629548C-D5BA-4033-8FD5-D56B3797226C}
	EndGlobalSection
EndGlobal
